
Microsoft Visual Studio Solution File, Format Version 12.00
# Visual Studio Version 17
VisualStudioVersion = 17.8.34330.188
MinimumVisualStudioVersion = 10.0.40219.1
Project("{F184B08F-C81C-45F6-A57F-5ABD9991F28F}") = "Birthday Checker", "Birthday Checker.vbproj", "{7AB5D220-4E52-4F06-A95E-EFEF433B755D}"
EndProject
Global
	GlobalSection(SolutionConfigurationPlatforms) = preSolution
		Debug|Any CPU = Debug|Any CPU
		Release|Any CPU = Release|Any CPU
	EndGlobalSection
	GlobalSection(ProjectConfigurationPlatforms) = postSolution
		{7AB5D220-4E52-4F06-A95E-EFEF433B755D}.Debug|Any CPU.ActiveCfg = Debug|Any CPU
		{7AB5D220-4E52-4F06-A95E-EFEF433B755D}.Debug|Any CPU.Build.0 = Debug|Any CPU
		{7AB5D220-4E52-4F06-A95E-EFEF433B755D}.Release|Any CPU.ActiveCfg = Release|Any CPU
		{7AB5D220-4E52-4F06-A95E-EFEF433B755D}.Release|Any CPU.Build.0 = Release|Any CPU
	EndGlobalSection
	GlobalSection(SolutionProperties) = preSolution
		HideSolutionNode = FALSE
	EndGlobalSection
	GlobalSection(ExtensibilityGlobals) = postSolution
		SolutionGuid = {D1C1EC72-9A8F-4674-9409-1B76BF1AF95C}
	EndGlobalSection
EndGlobal
